
Microsoft Visual Studio Solution File, Format Version 12.00
# Visual Studio Version 17
VisualStudioVersion = 17.14.36623.8 d17.14
MinimumVisualStudioVersion = 10.0.40219.1
Project("{8BC9CEB8-8B4A-11D0-8D11-00A0C91BC942}") = "AdventureGame", "AdventureGame.vcxproj", "{4EF1CD2D-44FD-40BF-9200-5E04D1039031}"
EndProject
Global
	GlobalSection(SolutionConfigurationPlatforms) = preSolution
		Debug|x64 = Debug|x64
		Debug|x86 = Debug|x86
		Release|x64 = Release|x64
		Release|x86 = Release|x86
	EndGlobalSection
	GlobalSection(ProjectConfigurationPlatforms) = postSolution
		{4EF1CD2D-44FD-40BF-9200-5E04D1039031}.Debug|x64.ActiveCfg = Debug|x64
		{4EF1CD2D-44FD-40BF-9200-5E04D1039031}.Debug|x64.Build.0 = Debug|x64
		{4EF1CD2D-44FD-40BF-9200-5E04D1039031}.Debug|x86.ActiveCfg = Debug|Win32
		{4EF1CD2D-44FD-40BF-9200-5E04D1039031}.Debug|x86.Build.0 = Debug|Win32
		{4EF1CD2D-44FD-40BF-9200-5E04D1039031}.Release|x64.ActiveCfg = Release|x64
		{4EF1CD2D-44FD-40BF-9200-5E04D1039031}.Release|x64.Build.0 = Release|x64
		{4EF1CD2D-44FD-40BF-9200-5E04D1039031}.Release|x86.ActiveCfg = Release|Win32
		{4EF1CD2D-44FD-40BF-9200-5E04D1039031}.Release|x86.Build.0 = Release|Win32
	EndGlobalSection
	GlobalSection(SolutionProperties) = preSolution
		HideSolutionNode = FALSE
	EndGlobalSection
	GlobalSection(ExtensibilityGlobals) = postSolution
		SolutionGuid = {C52FF1CF-FA1D-47B5-84B7-CADB0AF7B44C}
	EndGlobalSection
EndGlobal
